
Microsoft Visual Studio Solution File, Format Version 12.00
# Visual Studio Version 17
VisualStudioVersion = 17.3.32811.315
MinimumVisualStudioVersion = 10.0.40219.1
Project("{2150E333-8FDC-42A3-9474-1A3956D46DE8}") = "PreCredit", "PreCredit", "{8599952E-D44A-4950-9B2E-76270CB04E5D}"
EndProject
Project("{2150E333-8FDC-42A3-9474-1A3956D46DE8}") = "Credit", "Credit", "{92A7C811-0032-4C55-9B7C-A372ADA98198}"
EndProject
Project("{2150E333-8FDC-42A3-9474-1A3956D46DE8}") = "Core", "Core", "{5108DADA-D212-4661-AF60-5EDD211F03AE}"
EndProject
Project("{9A19103F-16F7-4668-BE54-9A1E7A4F7556}") = "NTech.Core.Host", "Core\NTech.Core.Host\NTech.Core.Host.csproj", "{A6BACA88-AF0D-4E52-A18B-CC89062FAF4A}"
EndProject
Project("{9A19103F-16F7-4668-BE54-9A1E7A4F7556}") = "NTech.Core.Module", "Core\NTech.Core.Module\NTech.Core.Module.csproj", "{58653C05-6D05-4B67-B6A3-BFB26D9D9499}"
EndProject
Project("{9A19103F-16F7-4668-BE54-9A1E7A4F7556}") = "NTech.Core.Module.Shared", "Core\NTech.Core.Module.Shared\NTech.Core.Module.Shared.csproj", "{43E2DC29-EC0B-4D33-99AC-2CE3CBA37011}"
EndProject
Project("{2150E333-8FDC-42A3-9474-1A3956D46DE8}") = "Tests", "Tests", "{DF032614-F38F-40F4-95B0-013DE2575812}"
EndProject
Project("{9A19103F-16F7-4668-BE54-9A1E7A4F7556}") = "NTech.Core.Host.IntegrationTests", "Core\NTech.Core.Host.IntegrationTests\NTech.Core.Host.IntegrationTests.csproj", "{17ECD00E-5294-4D8B-905B-B52755F7574E}"
EndProject
Project("{FAE04EC0-301F-11D3-BF4B-00C04F79EFBC}") = "NTech.UnitTests", "TestsnPreCredit\NTech.UnitTests.csproj", "{039A80C1-6DC9-4369-AA42-CE0346B9401A}"
EndProject
Project("{FAE04EC0-301F-11D3-BF4B-00C04F79EFBC}") = "nPreCredit", "nPreCredit\nPreCredit.csproj", "{1672852C-264E-4FD1-955C-B7D700F77517}"
EndProject
Project("{9A19103F-16F7-4668-BE54-9A1E7A4F7556}") = "NTech.Core.PreCredit", "Core\NTech.Core.PreCredit\NTech.Core.PreCredit.csproj", "{672618C4-0F0A-47D2-8409-D07FD452C21F}"
EndProject
Project("{9A19103F-16F7-4668-BE54-9A1E7A4F7556}") = "NTech.Core.PreCredit.Shared", "Core\NTech.Core.PreCredit.Shared\NTech.Core.PreCredit.Shared.csproj", "{C0142FA8-38B4-480F-A639-E95C6668E9B1}"
EndProject
Project("{2150E333-8FDC-42A3-9474-1A3956D46DE8}") = "Customer", "Customer", "{6F8AFC22-70AF-4DCA-A266-88D41F30BFDF}"
EndProject
Project("{FAE04EC0-301F-11D3-BF4B-00C04F79EFBC}") = "nCustomer", "nCustomer\nCustomer.csproj", "{3B118820-BB44-4E13-91AD-E5187E37F351}"
EndProject
Project("{9A19103F-16F7-4668-BE54-9A1E7A4F7556}") = "NTech.Core.Customer", "Core\NTech.Core.Customer\NTech.Core.Customer.csproj", "{88D5F5A6-D100-49E5-9CF3-FC65263F0FAF}"
EndProject
Project("{9A19103F-16F7-4668-BE54-9A1E7A4F7556}") = "NTech.Core.Customer.Shared", "Core\NTech.Core.Customer.Shared\NTech.Core.Customer.Shared.csproj", "{F32B12EF-26C6-4E20-BDFC-71DBFF643037}"
EndProject
Project("{2150E333-8FDC-42A3-9474-1A3956D46DE8}") = "Audit", "Audit", "{1DCDA05A-6100-4423-92B0-D5519A260689}"
EndProject
Project("{FAE04EC0-301F-11D3-BF4B-00C04F79EFBC}") = "nAudit", "nAudit\nAudit.csproj", "{061406B4-DE7D-4816-88A8-4FEE3F8BDB45}"
EndProject
Project("{2150E333-8FDC-42A3-9474-1A3956D46DE8}") = "BackOffice", "BackOffice", "{1BE84E9C-215A-46DF-B121-E3AE94C6E109}"
EndProject
Project("{2150E333-8FDC-42A3-9474-1A3956D46DE8}") = "CreditReport", "CreditReport", "{435AD9C3-114F-41FE-A75D-2DFE9466FD39}"
EndProject
Project("{FAE04EC0-301F-11D3-BF4B-00C04F79EFBC}") = "nCreditReport", "nCreditReport\nCreditReport.csproj", "{BE78FFC6-F66C-426E-B0AE-DEA055C5A872}"
EndProject
Project("{2150E333-8FDC-42A3-9474-1A3956D46DE8}") = "User", "User", "{07F5DE17-1A85-4178-AD99-8DE5B0E63F32}"
EndProject
Project("{FAE04EC0-301F-11D3-BF4B-00C04F79EFBC}") = "nUser", "nUser\nUser.csproj", "{782C0255-F07A-4812-ADD4-CD3A5FFA83C9}"
EndProject
Project("{FAE04EC0-301F-11D3-BF4B-00C04F79EFBC}") = "nWindowsAuthIdentityServer", "nWindowsAuthIdentityServer\nWindowsAuthIdentityServer.csproj", "{F28780B2-EA9B-4D4D-B7EB-92DD490738A2}"
EndProject
Project("{2150E333-8FDC-42A3-9474-1A3956D46DE8}") = "Savings", "Savings", "{AD9AEF1E-0A7B-42F2-8F76-BD6A5A78876B}"
EndProject
Project("{FAE04EC0-301F-11D3-BF4B-00C04F79EFBC}") = "nSavings", "nSavings\nSavings.csproj", "{19EF2C91-E5C8-4EDA-9B16-4B61BE9A47DF}"
EndProject
Project("{2150E333-8FDC-42A3-9474-1A3956D46DE8}") = "CustomerPages", "CustomerPages", "{FAFC099B-5D8B-4D1A-A0B6-2781DFA837AD}"
EndProject
Project("{2150E333-8FDC-42A3-9474-1A3956D46DE8}") = "DataWarehouse", "DataWarehouse", "{2DBC0484-073C-4646-A9C0-CA91050124D2}"
EndProject
Project("{FAE04EC0-301F-11D3-BF4B-00C04F79EFBC}") = "nDataWarehouse", "nDataWarehouse\nDataWarehouse.csproj", "{F954DC2A-C6AD-49B2-BCD6-8818B924FA59}"
EndProject
Project("{2150E333-8FDC-42A3-9474-1A3956D46DE8}") = "Document", "Document", "{9C899844-9FA8-436A-A7CE-C73657765ED2}"
EndProject
Project("{FAE04EC0-301F-11D3-BF4B-00C04F79EFBC}") = "nDocument", "nDocument\nDocument.csproj", "{89431691-35D7-4053-9AA4-13E076B40F6D}"
EndProject
Project("{2150E333-8FDC-42A3-9474-1A3956D46DE8}") = "Scheduler", "Scheduler", "{42E07441-2D5C-4CAD-B36B-E772FA94E4E8}"
EndProject
Project("{FAE04EC0-301F-11D3-BF4B-00C04F79EFBC}") = "nScheduler", "nScheduler\nScheduler.csproj", "{A3D6721B-D08E-4680-98CF-D158B2445FD2}"
EndProject
Project("{9A19103F-16F7-4668-BE54-9A1E7A4F7556}") = "NTech.Core.Credit.Shared", "Core\NTech.Core.Credit.Shared\NTech.Core.Credit.Shared.csproj", "{05669DEE-614B-470B-BA62-C28AB7193C8A}"
EndProject
Project("{9A19103F-16F7-4668-BE54-9A1E7A4F7556}") = "NTech.Core.Credit", "Core\NTech.Core.Credit\NTech.Core.Credit.csproj", "{620AA660-FD9E-4CFB-AFE7-436BFBDDA178}"
EndProject
Project("{2150E333-8FDC-42A3-9474-1A3956D46DE8}") = "Legacy", "Legacy", "{0D359DED-5BE9-48BA-AEFD-5C52800B545C}"
EndProject
Project("{9A19103F-16F7-4668-BE54-9A1E7A4F7556}") = "NTech.Legacy.Module.Shared", "NTech.Legacy.Module.Shared\NTech.Legacy.Module.Shared.csproj", "{A13C3D12-61FF-4B5F-B334-2897F3868479}"
EndProject
Project("{FAE04EC0-301F-11D3-BF4B-00C04F79EFBC}") = "nTest", "nTest\nTest.csproj", "{E8DDEA2A-ACB5-4A3F-BD77-194754E61983}"
EndProject
Project("{9A19103F-16F7-4668-BE54-9A1E7A4F7556}") = "NTech.Core.User", "Core\NTech.Core.User\NTech.Core.User.csproj", "{FC7FCE30-9EBC-456F-AF76-827B096C1366}"
EndProject
Project("{9A19103F-16F7-4668-BE54-9A1E7A4F7556}") = "NTech.Core.User.Shared", "Core\NTech.Core.User.Shared\NTech.Core.User.Shared.csproj", "{B0383AA9-9F77-44DF-BC6E-FB5AD85E2190}"
EndProject
Project("{FAE04EC0-301F-11D3-BF4B-00C04F79EFBC}") = "nTest.RandomDataSource", "nTest.RandomDataSource\nTest.RandomDataSource.csproj", "{C0483966-4E25-4C0E-BF79-A99F46BCC07E}"
EndProject
Project("{9A19103F-16F7-4668-BE54-9A1E7A4F7556}") = "NTech.Core.TestSupport", "Core\NTech.Core.TestSupport\NTech.Core.TestSupport.csproj", "{F53A0D16-16C5-4F08-9C5E-3113199D1D9D}"
EndProject
Project("{9A19103F-16F7-4668-BE54-9A1E7A4F7556}") = "NTech.Core.Savings.Shared", "Core\NTech.Core.Savings.Shared\NTech.Core.Savings.Shared.csproj", "{DCA79F2E-E757-49EE-AEF2-96289091622E}"
EndProject
Project("{9A19103F-16F7-4668-BE54-9A1E7A4F7556}") = "NTech.Core.Savings", "Core\NTech.Core.Savings\NTech.Core.Savings.csproj", "{5DFDE923-C36C-4A49-8A65-C4F4E63999CA}"
EndProject
Project("{9A19103F-16F7-4668-BE54-9A1E7A4F7556}") = "NTech.Banking.Shared", "NTech.Banking.Shared\NTech.Banking.Shared.csproj", "{8E8913C4-048D-4AF1-9344-9494E917DA35}"
EndProject
Project("{FAE04EC0-301F-11D3-BF4B-00C04F79EFBC}") = "NTech.Services.Infrastructure", "NTech.Services.Infrastructure\NTech.Services.Infrastructure.csproj", "{EC01086D-AB48-4F92-AB30-0563F6CB2B28}"
EndProject
Project("{FAE04EC0-301F-11D3-BF4B-00C04F79EFBC}") = "nGccCustomerApplication", "nGccCustomerApplication\nGccCustomerApplication.csproj", "{FF2DA027-CB58-49AA-B484-AA61B2CB4CAE}"
EndProject
Project("{FAE04EC0-301F-11D3-BF4B-00C04F79EFBC}") = "nCustomerPages", "nCustomerPages\nCustomerPages.csproj", "{471FC2E6-3715-432E-AFEB-F6F3E6990F27}"
EndProject
Project("{FAE04EC0-301F-11D3-BF4B-00C04F79EFBC}") = "nCredit", "nCredit\nCredit.csproj", "{3E497581-C3F5-402B-AB0A-B3C1EEBDFD90}"
EndProject
Project("{FAE04EC0-301F-11D3-BF4B-00C04F79EFBC}") = "nBackOffice", "nBackOffice\nBackOffice.csproj", "{F78DF8B1-4629-4429-B952-DAFE4E5DC29E}"
EndProject
Global
	GlobalSection(SolutionConfigurationPlatforms) = preSolution
		Debug|Any CPU = Debug|Any CPU
		Release|Any CPU = Release|Any CPU
	EndGlobalSection
	GlobalSection(ProjectConfigurationPlatforms) = postSolution
		{A6BACA88-AF0D-4E52-A18B-CC89062FAF4A}.Debug|Any CPU.ActiveCfg = Debug|Any CPU
		{A6BACA88-AF0D-4E52-A18B-CC89062FAF4A}.Debug|Any CPU.Build.0 = Debug|Any CPU
		{A6BACA88-AF0D-4E52-A18B-CC89062FAF4A}.Release|Any CPU.ActiveCfg = Release|Any CPU
		{A6BACA88-AF0D-4E52-A18B-CC89062FAF4A}.Release|Any CPU.Build.0 = Release|Any CPU
		{58653C05-6D05-4B67-B6A3-BFB26D9D9499}.Debug|Any CPU.ActiveCfg = Debug|Any CPU
		{58653C05-6D05-4B67-B6A3-BFB26D9D9499}.Debug|Any CPU.Build.0 = Debug|Any CPU
		{58653C05-6D05-4B67-B6A3-BFB26D9D9499}.Release|Any CPU.ActiveCfg = Release|Any CPU
		{58653C05-6D05-4B67-B6A3-BFB26D9D9499}.Release|Any CPU.Build.0 = Release|Any CPU
		{43E2DC29-EC0B-4D33-99AC-2CE3CBA37011}.Debug|Any CPU.ActiveCfg = Debug|Any CPU
		{43E2DC29-EC0B-4D33-99AC-2CE3CBA37011}.Debug|Any CPU.Build.0 = Debug|Any CPU
		{43E2DC29-EC0B-4D33-99AC-2CE3CBA37011}.Release|Any CPU.ActiveCfg = Release|Any CPU
		{43E2DC29-EC0B-4D33-99AC-2CE3CBA37011}.Release|Any CPU.Build.0 = Release|Any CPU
		{17ECD00E-5294-4D8B-905B-B52755F7574E}.Debug|Any CPU.ActiveCfg = Debug|Any CPU
		{17ECD00E-5294-4D8B-905B-B52755F7574E}.Debug|Any CPU.Build.0 = Debug|Any CPU
		{17ECD00E-5294-4D8B-905B-B52755F7574E}.Release|Any CPU.ActiveCfg = Release|Any CPU
		{17ECD00E-5294-4D8B-905B-B52755F7574E}.Release|Any CPU.Build.0 = Release|Any CPU
		{039A80C1-6DC9-4369-AA42-CE0346B9401A}.Debug|Any CPU.ActiveCfg = Debug|Any CPU
		{039A80C1-6DC9-4369-AA42-CE0346B9401A}.Debug|Any CPU.Build.0 = Debug|Any CPU
		{039A80C1-6DC9-4369-AA42-CE0346B9401A}.Release|Any CPU.ActiveCfg = Release|Any CPU
		{039A80C1-6DC9-4369-AA42-CE0346B9401A}.Release|Any CPU.Build.0 = Release|Any CPU
		{1672852C-264E-4FD1-955C-B7D700F77517}.Debug|Any CPU.ActiveCfg = Debug|Any CPU
		{1672852C-264E-4FD1-955C-B7D700F77517}.Debug|Any CPU.Build.0 = Debug|Any CPU
		{1672852C-264E-4FD1-955C-B7D700F77517}.Release|Any CPU.ActiveCfg = Release|Any CPU
		{1672852C-264E-4FD1-955C-B7D700F77517}.Release|Any CPU.Build.0 = Release|Any CPU
		{672618C4-0F0A-47D2-8409-D07FD452C21F}.Debug|Any CPU.ActiveCfg = Debug|Any CPU
		{672618C4-0F0A-47D2-8409-D07FD452C21F}.Debug|Any CPU.Build.0 = Debug|Any CPU
		{672618C4-0F0A-47D2-8409-D07FD452C21F}.Release|Any CPU.ActiveCfg = Release|Any CPU
		{672618C4-0F0A-47D2-8409-D07FD452C21F}.Release|Any CPU.Build.0 = Release|Any CPU
		{C0142FA8-38B4-480F-A639-E95C6668E9B1}.Debug|Any CPU.ActiveCfg = Debug|Any CPU
		{C0142FA8-38B4-480F-A639-E95C6668E9B1}.Debug|Any CPU.Build.0 = Debug|Any CPU
		{C0142FA8-38B4-480F-A639-E95C6668E9B1}.Release|Any CPU.ActiveCfg = Release|Any CPU
		{C0142FA8-38B4-480F-A639-E95C6668E9B1}.Release|Any CPU.Build.0 = Release|Any CPU
		{3B118820-BB44-4E13-91AD-E5187E37F351}.Debug|Any CPU.ActiveCfg = Debug|Any CPU
		{3B118820-BB44-4E13-91AD-E5187E37F351}.Debug|Any CPU.Build.0 = Debug|Any CPU
		{3B118820-BB44-4E13-91AD-E5187E37F351}.Release|Any CPU.ActiveCfg = Release|Any CPU
		{3B118820-BB44-4E13-91AD-E5187E37F351}.Release|Any CPU.Build.0 = Release|Any CPU
		{88D5F5A6-D100-49E5-9CF3-FC65263F0FAF}.Debug|Any CPU.ActiveCfg = Debug|Any CPU
		{88D5F5A6-D100-49E5-9CF3-FC65263F0FAF}.Debug|Any CPU.Build.0 = Debug|Any CPU
		{88D5F5A6-D100-49E5-9CF3-FC65263F0FAF}.Release|Any CPU.ActiveCfg = Release|Any CPU
		{88D5F5A6-D100-49E5-9CF3-FC65263F0FAF}.Release|Any CPU.Build.0 = Release|Any CPU
		{F32B12EF-26C6-4E20-BDFC-71DBFF643037}.Debug|Any CPU.ActiveCfg = Debug|Any CPU
		{F32B12EF-26C6-4E20-BDFC-71DBFF643037}.Debug|Any CPU.Build.0 = Debug|Any CPU
		{F32B12EF-26C6-4E20-BDFC-71DBFF643037}.Release|Any CPU.ActiveCfg = Release|Any CPU
		{F32B12EF-26C6-4E20-BDFC-71DBFF643037}.Release|Any CPU.Build.0 = Release|Any CPU
		{061406B4-DE7D-4816-88A8-4FEE3F8BDB45}.Debug|Any CPU.ActiveCfg = Debug|Any CPU
		{061406B4-DE7D-4816-88A8-4FEE3F8BDB45}.Debug|Any CPU.Build.0 = Debug|Any CPU
		{061406B4-DE7D-4816-88A8-4FEE3F8BDB45}.Release|Any CPU.ActiveCfg = Release|Any CPU
		{061406B4-DE7D-4816-88A8-4FEE3F8BDB45}.Release|Any CPU.Build.0 = Release|Any CPU
		{BE78FFC6-F66C-426E-B0AE-DEA055C5A872}.Debug|Any CPU.ActiveCfg = Debug|Any CPU
		{BE78FFC6-F66C-426E-B0AE-DEA055C5A872}.Debug|Any CPU.Build.0 = Debug|Any CPU
		{BE78FFC6-F66C-426E-B0AE-DEA055C5A872}.Release|Any CPU.ActiveCfg = Release|Any CPU
		{BE78FFC6-F66C-426E-B0AE-DEA055C5A872}.Release|Any CPU.Build.0 = Release|Any CPU
		{782C0255-F07A-4812-ADD4-CD3A5FFA83C9}.Debug|Any CPU.ActiveCfg = Debug|Any CPU
		{782C0255-F07A-4812-ADD4-CD3A5FFA83C9}.Debug|Any CPU.Build.0 = Debug|Any CPU
		{782C0255-F07A-4812-ADD4-CD3A5FFA83C9}.Release|Any CPU.ActiveCfg = Release|Any CPU
		{782C0255-F07A-4812-ADD4-CD3A5FFA83C9}.Release|Any CPU.Build.0 = Release|Any CPU
		{F28780B2-EA9B-4D4D-B7EB-92DD490738A2}.Debug|Any CPU.ActiveCfg = Debug|Any CPU
		{F28780B2-EA9B-4D4D-B7EB-92DD490738A2}.Debug|Any CPU.Build.0 = Debug|Any CPU
		{F28780B2-EA9B-4D4D-B7EB-92DD490738A2}.Release|Any CPU.ActiveCfg = Release|Any CPU
		{F28780B2-EA9B-4D4D-B7EB-92DD490738A2}.Release|Any CPU.Build.0 = Release|Any CPU
		{19EF2C91-E5C8-4EDA-9B16-4B61BE9A47DF}.Debug|Any CPU.ActiveCfg = Debug|Any CPU
		{19EF2C91-E5C8-4EDA-9B16-4B61BE9A47DF}.Debug|Any CPU.Build.0 = Debug|Any CPU
		{19EF2C91-E5C8-4EDA-9B16-4B61BE9A47DF}.Release|Any CPU.ActiveCfg = Release|Any CPU
		{19EF2C91-E5C8-4EDA-9B16-4B61BE9A47DF}.Release|Any CPU.Build.0 = Release|Any CPU
		{F954DC2A-C6AD-49B2-BCD6-8818B924FA59}.Debug|Any CPU.ActiveCfg = Debug|Any CPU
		{F954DC2A-C6AD-49B2-BCD6-8818B924FA59}.Debug|Any CPU.Build.0 = Debug|Any CPU
		{F954DC2A-C6AD-49B2-BCD6-8818B924FA59}.Release|Any CPU.ActiveCfg = Release|Any CPU
		{F954DC2A-C6AD-49B2-BCD6-8818B924FA59}.Release|Any CPU.Build.0 = Release|Any CPU
		{89431691-35D7-4053-9AA4-13E076B40F6D}.Debug|Any CPU.ActiveCfg = Debug|Any CPU
		{89431691-35D7-4053-9AA4-13E076B40F6D}.Debug|Any CPU.Build.0 = Debug|Any CPU
		{89431691-35D7-4053-9AA4-13E076B40F6D}.Release|Any CPU.ActiveCfg = Release|Any CPU
		{89431691-35D7-4053-9AA4-13E076B40F6D}.Release|Any CPU.Build.0 = Release|Any CPU
		{A3D6721B-D08E-4680-98CF-D158B2445FD2}.Debug|Any CPU.ActiveCfg = Debug|Any CPU
		{A3D6721B-D08E-4680-98CF-D158B2445FD2}.Debug|Any CPU.Build.0 = Debug|Any CPU
		{A3D6721B-D08E-4680-98CF-D158B2445FD2}.Release|Any CPU.ActiveCfg = Release|Any CPU
		{A3D6721B-D08E-4680-98CF-D158B2445FD2}.Release|Any CPU.Build.0 = Release|Any CPU
		{05669DEE-614B-470B-BA62-C28AB7193C8A}.Debug|Any CPU.ActiveCfg = Debug|Any CPU
		{05669DEE-614B-470B-BA62-C28AB7193C8A}.Debug|Any CPU.Build.0 = Debug|Any CPU
		{05669DEE-614B-470B-BA62-C28AB7193C8A}.Release|Any CPU.ActiveCfg = Release|Any CPU
		{05669DEE-614B-470B-BA62-C28AB7193C8A}.Release|Any CPU.Build.0 = Release|Any CPU
		{620AA660-FD9E-4CFB-AFE7-436BFBDDA178}.Debug|Any CPU.ActiveCfg = Debug|Any CPU
		{620AA660-FD9E-4CFB-AFE7-436BFBDDA178}.Debug|Any CPU.Build.0 = Debug|Any CPU
		{620AA660-FD9E-4CFB-AFE7-436BFBDDA178}.Release|Any CPU.ActiveCfg = Release|Any CPU
		{620AA660-FD9E-4CFB-AFE7-436BFBDDA178}.Release|Any CPU.Build.0 = Release|Any CPU
		{A13C3D12-61FF-4B5F-B334-2897F3868479}.Debug|Any CPU.ActiveCfg = Debug|Any CPU
		{A13C3D12-61FF-4B5F-B334-2897F3868479}.Debug|Any CPU.Build.0 = Debug|Any CPU
		{A13C3D12-61FF-4B5F-B334-2897F3868479}.Release|Any CPU.ActiveCfg = Release|Any CPU
		{A13C3D12-61FF-4B5F-B334-2897F3868479}.Release|Any CPU.Build.0 = Release|Any CPU
		{E8DDEA2A-ACB5-4A3F-BD77-194754E61983}.Debug|Any CPU.ActiveCfg = Debug|Any CPU
		{E8DDEA2A-ACB5-4A3F-BD77-194754E61983}.Debug|Any CPU.Build.0 = Debug|Any CPU
		{E8DDEA2A-ACB5-4A3F-BD77-194754E61983}.Release|Any CPU.ActiveCfg = Release|Any CPU
		{E8DDEA2A-ACB5-4A3F-BD77-194754E61983}.Release|Any CPU.Build.0 = Release|Any CPU
		{FC7FCE30-9EBC-456F-AF76-827B096C1366}.Debug|Any CPU.ActiveCfg = Debug|Any CPU
		{FC7FCE30-9EBC-456F-AF76-827B096C1366}.Debug|Any CPU.Build.0 = Debug|Any CPU
		{FC7FCE30-9EBC-456F-AF76-827B096C1366}.Release|Any CPU.ActiveCfg = Release|Any CPU
		{FC7FCE30-9EBC-456F-AF76-827B096C1366}.Release|Any CPU.Build.0 = Release|Any CPU
		{B0383AA9-9F77-44DF-BC6E-FB5AD85E2190}.Debug|Any CPU.ActiveCfg = Debug|Any CPU
		{B0383AA9-9F77-44DF-BC6E-FB5AD85E2190}.Debug|Any CPU.Build.0 = Debug|Any CPU
		{B0383AA9-9F77-44DF-BC6E-FB5AD85E2190}.Release|Any CPU.ActiveCfg = Release|Any CPU
		{B0383AA9-9F77-44DF-BC6E-FB5AD85E2190}.Release|Any CPU.Build.0 = Release|Any CPU
		{C0483966-4E25-4C0E-BF79-A99F46BCC07E}.Debug|Any CPU.ActiveCfg = Debug|Any CPU
		{C0483966-4E25-4C0E-BF79-A99F46BCC07E}.Debug|Any CPU.Build.0 = Debug|Any CPU
		{C0483966-4E25-4C0E-BF79-A99F46BCC07E}.Release|Any CPU.ActiveCfg = Release|Any CPU
		{C0483966-4E25-4C0E-BF79-A99F46BCC07E}.Release|Any CPU.Build.0 = Release|Any CPU
		{F53A0D16-16C5-4F08-9C5E-3113199D1D9D}.Debug|Any CPU.ActiveCfg = Debug|Any CPU
		{F53A0D16-16C5-4F08-9C5E-3113199D1D9D}.Debug|Any CPU.Build.0 = Debug|Any CPU
		{F53A0D16-16C5-4F08-9C5E-3113199D1D9D}.Release|Any CPU.ActiveCfg = Release|Any CPU
		{F53A0D16-16C5-4F08-9C5E-3113199D1D9D}.Release|Any CPU.Build.0 = Release|Any CPU
		{DCA79F2E-E757-49EE-AEF2-96289091622E}.Debug|Any CPU.ActiveCfg = Debug|Any CPU
		{DCA79F2E-E757-49EE-AEF2-96289091622E}.Debug|Any CPU.Build.0 = Debug|Any CPU
		{DCA79F2E-E757-49EE-AEF2-96289091622E}.Release|Any CPU.ActiveCfg = Release|Any CPU
		{DCA79F2E-E757-49EE-AEF2-96289091622E}.Release|Any CPU.Build.0 = Release|Any CPU
		{5DFDE923-C36C-4A49-8A65-C4F4E63999CA}.Debug|Any CPU.ActiveCfg = Debug|Any CPU
		{5DFDE923-C36C-4A49-8A65-C4F4E63999CA}.Debug|Any CPU.Build.0 = Debug|Any CPU
		{5DFDE923-C36C-4A49-8A65-C4F4E63999CA}.Release|Any CPU.ActiveCfg = Release|Any CPU
		{5DFDE923-C36C-4A49-8A65-C4F4E63999CA}.Release|Any CPU.Build.0 = Release|Any CPU
		{8E8913C4-048D-4AF1-9344-9494E917DA35}.Debug|Any CPU.ActiveCfg = Debug|Any CPU
		{8E8913C4-048D-4AF1-9344-9494E917DA35}.Debug|Any CPU.Build.0 = Debug|Any CPU
		{8E8913C4-048D-4AF1-9344-9494E917DA35}.Release|Any CPU.ActiveCfg = Release|Any CPU
		{8E8913C4-048D-4AF1-9344-9494E917DA35}.Release|Any CPU.Build.0 = Release|Any CPU
		{EC01086D-AB48-4F92-AB30-0563F6CB2B28}.Debug|Any CPU.ActiveCfg = Debug|Any CPU
		{EC01086D-AB48-4F92-AB30-0563F6CB2B28}.Debug|Any CPU.Build.0 = Debug|Any CPU
		{EC01086D-AB48-4F92-AB30-0563F6CB2B28}.Release|Any CPU.ActiveCfg = Release|Any CPU
		{EC01086D-AB48-4F92-AB30-0563F6CB2B28}.Release|Any CPU.Build.0 = Release|Any CPU
		{FF2DA027-CB58-49AA-B484-AA61B2CB4CAE}.Debug|Any CPU.ActiveCfg = Debug|Any CPU
		{FF2DA027-CB58-49AA-B484-AA61B2CB4CAE}.Debug|Any CPU.Build.0 = Debug|Any CPU
		{FF2DA027-CB58-49AA-B484-AA61B2CB4CAE}.Release|Any CPU.ActiveCfg = Release|Any CPU
		{FF2DA027-CB58-49AA-B484-AA61B2CB4CAE}.Release|Any CPU.Build.0 = Release|Any CPU
		{471FC2E6-3715-432E-AFEB-F6F3E6990F27}.Debug|Any CPU.ActiveCfg = Debug|Any CPU
		{471FC2E6-3715-432E-AFEB-F6F3E6990F27}.Debug|Any CPU.Build.0 = Debug|Any CPU
		{471FC2E6-3715-432E-AFEB-F6F3E6990F27}.Release|Any CPU.ActiveCfg = Release|Any CPU
		{471FC2E6-3715-432E-AFEB-F6F3E6990F27}.Release|Any CPU.Build.0 = Release|Any CPU
		{3E497581-C3F5-402B-AB0A-B3C1EEBDFD90}.Debug|Any CPU.ActiveCfg = Debug|Any CPU
		{3E497581-C3F5-402B-AB0A-B3C1EEBDFD90}.Debug|Any CPU.Build.0 = Debug|Any CPU
		{3E497581-C3F5-402B-AB0A-B3C1EEBDFD90}.Release|Any CPU.ActiveCfg = Release|Any CPU
		{3E497581-C3F5-402B-AB0A-B3C1EEBDFD90}.Release|Any CPU.Build.0 = Release|Any CPU
		{F78DF8B1-4629-4429-B952-DAFE4E5DC29E}.Debug|Any CPU.ActiveCfg = Debug|Any CPU
		{F78DF8B1-4629-4429-B952-DAFE4E5DC29E}.Debug|Any CPU.Build.0 = Debug|Any CPU
		{F78DF8B1-4629-4429-B952-DAFE4E5DC29E}.Release|Any CPU.ActiveCfg = Release|Any CPU
		{F78DF8B1-4629-4429-B952-DAFE4E5DC29E}.Release|Any CPU.Build.0 = Release|Any CPU
	EndGlobalSection
	GlobalSection(SolutionProperties) = preSolution
		HideSolutionNode = FALSE
	EndGlobalSection
	GlobalSection(NestedProjects) = preSolution
		{A6BACA88-AF0D-4E52-A18B-CC89062FAF4A} = {5108DADA-D212-4661-AF60-5EDD211F03AE}
		{58653C05-6D05-4B67-B6A3-BFB26D9D9499} = {5108DADA-D212-4661-AF60-5EDD211F03AE}
		{43E2DC29-EC0B-4D33-99AC-2CE3CBA37011} = {5108DADA-D212-4661-AF60-5EDD211F03AE}
		{17ECD00E-5294-4D8B-905B-B52755F7574E} = {DF032614-F38F-40F4-95B0-013DE2575812}
		{039A80C1-6DC9-4369-AA42-CE0346B9401A} = {DF032614-F38F-40F4-95B0-013DE2575812}
		{1672852C-264E-4FD1-955C-B7D700F77517} = {8599952E-D44A-4950-9B2E-76270CB04E5D}
		{672618C4-0F0A-47D2-8409-D07FD452C21F} = {8599952E-D44A-4950-9B2E-76270CB04E5D}
		{C0142FA8-38B4-480F-A639-E95C6668E9B1} = {8599952E-D44A-4950-9B2E-76270CB04E5D}
		{3B118820-BB44-4E13-91AD-E5187E37F351} = {6F8AFC22-70AF-4DCA-A266-88D41F30BFDF}
		{88D5F5A6-D100-49E5-9CF3-FC65263F0FAF} = {6F8AFC22-70AF-4DCA-A266-88D41F30BFDF}
		{F32B12EF-26C6-4E20-BDFC-71DBFF643037} = {6F8AFC22-70AF-4DCA-A266-88D41F30BFDF}
		{061406B4-DE7D-4816-88A8-4FEE3F8BDB45} = {1DCDA05A-6100-4423-92B0-D5519A260689}
		{BE78FFC6-F66C-426E-B0AE-DEA055C5A872} = {435AD9C3-114F-41FE-A75D-2DFE9466FD39}
		{782C0255-F07A-4812-ADD4-CD3A5FFA83C9} = {07F5DE17-1A85-4178-AD99-8DE5B0E63F32}
		{F28780B2-EA9B-4D4D-B7EB-92DD490738A2} = {07F5DE17-1A85-4178-AD99-8DE5B0E63F32}
		{19EF2C91-E5C8-4EDA-9B16-4B61BE9A47DF} = {AD9AEF1E-0A7B-42F2-8F76-BD6A5A78876B}
		{F954DC2A-C6AD-49B2-BCD6-8818B924FA59} = {2DBC0484-073C-4646-A9C0-CA91050124D2}
		{89431691-35D7-4053-9AA4-13E076B40F6D} = {9C899844-9FA8-436A-A7CE-C73657765ED2}
		{A3D6721B-D08E-4680-98CF-D158B2445FD2} = {42E07441-2D5C-4CAD-B36B-E772FA94E4E8}
		{05669DEE-614B-470B-BA62-C28AB7193C8A} = {92A7C811-0032-4C55-9B7C-A372ADA98198}
		{620AA660-FD9E-4CFB-AFE7-436BFBDDA178} = {92A7C811-0032-4C55-9B7C-A372ADA98198}
		{A13C3D12-61FF-4B5F-B334-2897F3868479} = {0D359DED-5BE9-48BA-AEFD-5C52800B545C}
		{E8DDEA2A-ACB5-4A3F-BD77-194754E61983} = {DF032614-F38F-40F4-95B0-013DE2575812}
		{FC7FCE30-9EBC-456F-AF76-827B096C1366} = {07F5DE17-1A85-4178-AD99-8DE5B0E63F32}
		{B0383AA9-9F77-44DF-BC6E-FB5AD85E2190} = {07F5DE17-1A85-4178-AD99-8DE5B0E63F32}
		{C0483966-4E25-4C0E-BF79-A99F46BCC07E} = {DF032614-F38F-40F4-95B0-013DE2575812}
		{F53A0D16-16C5-4F08-9C5E-3113199D1D9D} = {DF032614-F38F-40F4-95B0-013DE2575812}
		{DCA79F2E-E757-49EE-AEF2-96289091622E} = {AD9AEF1E-0A7B-42F2-8F76-BD6A5A78876B}
		{5DFDE923-C36C-4A49-8A65-C4F4E63999CA} = {AD9AEF1E-0A7B-42F2-8F76-BD6A5A78876B}
		{8E8913C4-048D-4AF1-9344-9494E917DA35} = {0D359DED-5BE9-48BA-AEFD-5C52800B545C}
		{EC01086D-AB48-4F92-AB30-0563F6CB2B28} = {0D359DED-5BE9-48BA-AEFD-5C52800B545C}
		{FF2DA027-CB58-49AA-B484-AA61B2CB4CAE} = {FAFC099B-5D8B-4D1A-A0B6-2781DFA837AD}
		{471FC2E6-3715-432E-AFEB-F6F3E6990F27} = {FAFC099B-5D8B-4D1A-A0B6-2781DFA837AD}
		{3E497581-C3F5-402B-AB0A-B3C1EEBDFD90} = {92A7C811-0032-4C55-9B7C-A372ADA98198}
		{F78DF8B1-4629-4429-B952-DAFE4E5DC29E} = {1BE84E9C-215A-46DF-B121-E3AE94C6E109}
	EndGlobalSection
	GlobalSection(ExtensibilityGlobals) = postSolution
		SolutionGuid = {1F89D344-237A-4F8C-B214-E5821A41840D}
	EndGlobalSection
EndGlobal
