
Microsoft Visual Studio Solution File, Format Version 12.00
# Visual Studio Version 17
VisualStudioVersion = 17.1.32228.430
MinimumVisualStudioVersion = 10.0.40219.1
Project("{FAE04EC0-301F-11D3-BF4B-00C04F79EFBC}") = "nUser", "nUser\nUser.csproj", "{782C0255-F07A-4812-ADD4-CD3A5FFA83C9}"
EndProject
Project("{FAE04EC0-301F-11D3-BF4B-00C04F79EFBC}") = "nBackOffice", "nBackOffice\nBackOffice.csproj", "{F78DF8B1-4629-4429-B952-DAFE4E5DC29E}"
EndProject
Project("{FAE04EC0-301F-11D3-BF4B-00C04F79EFBC}") = "nCustomer", "nCustomer\nCustomer.csproj", "{3B118820-BB44-4E13-91AD-E5187E37F351}"
EndProject
Project("{2150E333-8FDC-42A3-9474-1A3956D46DE8}") = "Testing", "Testing", "{011AB4C3-761E-4E8B-BFE7-F3F5A997D700}"
EndProject
Project("{FAE04EC0-301F-11D3-BF4B-00C04F79EFBC}") = "nAudit", "nAudit\nAudit.csproj", "{061406B4-DE7D-4816-88A8-4FEE3F8BDB45}"
EndProject
Project("{FAE04EC0-301F-11D3-BF4B-00C04F79EFBC}") = "nDocument", "nDocument\nDocument.csproj", "{89431691-35D7-4053-9AA4-13E076B40F6D}"
EndProject
Project("{2150E333-8FDC-42A3-9474-1A3956D46DE8}") = "Integrations", "Integrations", "{A5804F07-BAC2-40E1-8301-DD6DF39EF83E}"
EndProject
Project("{FAE04EC0-301F-11D3-BF4B-00C04F79EFBC}") = "nWindowsAuthIdentityServer", "nWindowsAuthIdentityServer\nWindowsAuthIdentityServer.csproj", "{F28780B2-EA9B-4D4D-B7EB-92DD490738A2}"
EndProject
Project("{2150E333-8FDC-42A3-9474-1A3956D46DE8}") = "Credit", "Credit", "{737F29B8-9E4E-4DB7-AE3D-7C0493D12DAC}"
EndProject
Project("{FAE04EC0-301F-11D3-BF4B-00C04F79EFBC}") = "nPreCredit", "nPreCredit\nPreCredit.csproj", "{1672852C-264E-4FD1-955C-B7D700F77517}"
EndProject
Project("{FAE04EC0-301F-11D3-BF4B-00C04F79EFBC}") = "NTech.UnitTests", "TestsnPreCredit\NTech.UnitTests.csproj", "{039A80C1-6DC9-4369-AA42-CE0346B9401A}"
EndProject
Project("{FAE04EC0-301F-11D3-BF4B-00C04F79EFBC}") = "nCreditReport", "nCreditReport\nCreditReport.csproj", "{BE78FFC6-F66C-426E-B0AE-DEA055C5A872}"
EndProject
Project("{FAE04EC0-301F-11D3-BF4B-00C04F79EFBC}") = "nCredit", "nCredit\nCredit.csproj", "{3E497581-C3F5-402B-AB0A-B3C1EEBDFD90}"
EndProject
Project("{FAE04EC0-301F-11D3-BF4B-00C04F79EFBC}") = "nDataWarehouse", "nDataWarehouse\nDataWarehouse.csproj", "{F954DC2A-C6AD-49B2-BCD6-8818B924FA59}"
EndProject
Project("{FAE04EC0-301F-11D3-BF4B-00C04F79EFBC}") = "nScheduler", "nScheduler\nScheduler.csproj", "{A3D6721B-D08E-4680-98CF-D158B2445FD2}"
EndProject
Project("{FAE04EC0-301F-11D3-BF4B-00C04F79EFBC}") = "nCustomerPages", "nCustomerPages\nCustomerPages.csproj", "{471FC2E6-3715-432E-AFEB-F6F3E6990F27}"
EndProject
Project("{FAE04EC0-301F-11D3-BF4B-00C04F79EFBC}") = "nTest", "nTest\nTest.csproj", "{E8DDEA2A-ACB5-4A3F-BD77-194754E61983}"
EndProject
Project("{FAE04EC0-301F-11D3-BF4B-00C04F79EFBC}") = "nTest.RandomDataSource", "nTest.RandomDataSource\nTest.RandomDataSource.csproj", "{C0483966-4E25-4C0E-BF79-A99F46BCC07E}"
EndProject
Project("{2150E333-8FDC-42A3-9474-1A3956D46DE8}") = "Savings", "Savings", "{8CCDA0CA-82E0-421B-8075-F125DEF95F30}"
EndProject
Project("{FAE04EC0-301F-11D3-BF4B-00C04F79EFBC}") = "nSavings", "nSavings\nSavings.csproj", "{19EF2C91-E5C8-4EDA-9B16-4B61BE9A47DF}"
EndProject
Project("{9A19103F-16F7-4668-BE54-9A1E7A4F7556}") = "NTech.Core.PreCredit.Shared", "Core\NTech.Core.PreCredit.Shared\NTech.Core.PreCredit.Shared.csproj", "{40ECEC59-5D76-4554-8953-347868734EC8}"
EndProject
Project("{2150E333-8FDC-42A3-9474-1A3956D46DE8}") = "Core", "Core", "{A1C5CE17-DEAD-4DF7-851C-50D48FEAA1E3}"
EndProject
Project("{9A19103F-16F7-4668-BE54-9A1E7A4F7556}") = "NTech.Core.Customer.Shared", "Core\NTech.Core.Customer.Shared\NTech.Core.Customer.Shared.csproj", "{B88847D2-A677-4F0E-9260-D0C784DA8028}"
EndProject
Project("{9A19103F-16F7-4668-BE54-9A1E7A4F7556}") = "NTech.Core.Module.Shared", "Core\NTech.Core.Module.Shared\NTech.Core.Module.Shared.csproj", "{BDF0291F-C4C0-43EB-A346-0160F22F0822}"
EndProject
Project("{9A19103F-16F7-4668-BE54-9A1E7A4F7556}") = "NTech.Core.Credit.Shared", "Core\NTech.Core.Credit.Shared\NTech.Core.Credit.Shared.csproj", "{30DD31C7-F0C7-4972-960E-D84298B07DC1}"
EndProject
Project("{9A19103F-16F7-4668-BE54-9A1E7A4F7556}") = "NTech.Legacy.Module.Shared", "NTech.Legacy.Module.Shared\NTech.Legacy.Module.Shared.csproj", "{1B941AB3-8F63-4E63-91A5-E30F55F63E60}"
EndProject
Project("{9A19103F-16F7-4668-BE54-9A1E7A4F7556}") = "NTech.Core.Savings.Shared", "Core\NTech.Core.Savings.Shared\NTech.Core.Savings.Shared.csproj", "{7E053319-5FF6-4887-A3E3-A55A71A64688}"
EndProject
Project("{FAE04EC0-301F-11D3-BF4B-00C04F79EFBC}") = "nGccCustomerApplication", "nGccCustomerApplication\nGccCustomerApplication.csproj", "{FF2DA027-CB58-49AA-B484-AA61B2CB4CAE}"
EndProject
Project("{9A19103F-16F7-4668-BE54-9A1E7A4F7556}") = "NTech.Core.TestSupport", "Core\NTech.Core.TestSupport\NTech.Core.TestSupport.csproj", "{7D903EC9-5F21-49CD-B942-D2B19F6FC74D}"
EndProject
Project("{9A19103F-16F7-4668-BE54-9A1E7A4F7556}") = "NTech.Core.User.Shared", "Core\NTech.Core.User.Shared\NTech.Core.User.Shared.csproj", "{9284E0EE-F77C-4687-B8BB-F0110CB667C6}"
EndProject
Project("{FAE04EC0-301F-11D3-BF4B-00C04F79EFBC}") = "NTech.Services.Infrastructure", "NTech.Services.Infrastructure\NTech.Services.Infrastructure.csproj", "{EC01086D-AB48-4F92-AB30-0563F6CB2B28}"
EndProject
Project("{9A19103F-16F7-4668-BE54-9A1E7A4F7556}") = "NTech.Banking.Shared", "NTech.Banking.Shared\NTech.Banking.Shared.csproj", "{CBDCFF22-E5DE-4E52-9E4B-5E79F781F962}"
EndProject
Global
	GlobalSection(SolutionConfigurationPlatforms) = preSolution
		Debug|Any CPU = Debug|Any CPU
		Release|Any CPU = Release|Any CPU
	EndGlobalSection
	GlobalSection(ProjectConfigurationPlatforms) = postSolution
		{782C0255-F07A-4812-ADD4-CD3A5FFA83C9}.Debug|Any CPU.ActiveCfg = Debug|Any CPU
		{782C0255-F07A-4812-ADD4-CD3A5FFA83C9}.Debug|Any CPU.Build.0 = Debug|Any CPU
		{782C0255-F07A-4812-ADD4-CD3A5FFA83C9}.Release|Any CPU.ActiveCfg = Release|Any CPU
		{782C0255-F07A-4812-ADD4-CD3A5FFA83C9}.Release|Any CPU.Build.0 = Release|Any CPU
		{F78DF8B1-4629-4429-B952-DAFE4E5DC29E}.Debug|Any CPU.ActiveCfg = Debug|Any CPU
		{F78DF8B1-4629-4429-B952-DAFE4E5DC29E}.Debug|Any CPU.Build.0 = Debug|Any CPU
		{F78DF8B1-4629-4429-B952-DAFE4E5DC29E}.Release|Any CPU.ActiveCfg = Release|Any CPU
		{F78DF8B1-4629-4429-B952-DAFE4E5DC29E}.Release|Any CPU.Build.0 = Release|Any CPU
		{3B118820-BB44-4E13-91AD-E5187E37F351}.Debug|Any CPU.ActiveCfg = Debug|Any CPU
		{3B118820-BB44-4E13-91AD-E5187E37F351}.Debug|Any CPU.Build.0 = Debug|Any CPU
		{3B118820-BB44-4E13-91AD-E5187E37F351}.Release|Any CPU.ActiveCfg = Release|Any CPU
		{3B118820-BB44-4E13-91AD-E5187E37F351}.Release|Any CPU.Build.0 = Release|Any CPU
		{061406B4-DE7D-4816-88A8-4FEE3F8BDB45}.Debug|Any CPU.ActiveCfg = Debug|Any CPU
		{061406B4-DE7D-4816-88A8-4FEE3F8BDB45}.Debug|Any CPU.Build.0 = Debug|Any CPU
		{061406B4-DE7D-4816-88A8-4FEE3F8BDB45}.Release|Any CPU.ActiveCfg = Release|Any CPU
		{061406B4-DE7D-4816-88A8-4FEE3F8BDB45}.Release|Any CPU.Build.0 = Release|Any CPU
		{89431691-35D7-4053-9AA4-13E076B40F6D}.Debug|Any CPU.ActiveCfg = Debug|Any CPU
		{89431691-35D7-4053-9AA4-13E076B40F6D}.Debug|Any CPU.Build.0 = Debug|Any CPU
		{89431691-35D7-4053-9AA4-13E076B40F6D}.Release|Any CPU.ActiveCfg = Release|Any CPU
		{89431691-35D7-4053-9AA4-13E076B40F6D}.Release|Any CPU.Build.0 = Release|Any CPU
		{F28780B2-EA9B-4D4D-B7EB-92DD490738A2}.Debug|Any CPU.ActiveCfg = Debug|Any CPU
		{F28780B2-EA9B-4D4D-B7EB-92DD490738A2}.Debug|Any CPU.Build.0 = Debug|Any CPU
		{F28780B2-EA9B-4D4D-B7EB-92DD490738A2}.Release|Any CPU.ActiveCfg = Release|Any CPU
		{F28780B2-EA9B-4D4D-B7EB-92DD490738A2}.Release|Any CPU.Build.0 = Release|Any CPU
		{1672852C-264E-4FD1-955C-B7D700F77517}.Debug|Any CPU.ActiveCfg = Debug|Any CPU
		{1672852C-264E-4FD1-955C-B7D700F77517}.Debug|Any CPU.Build.0 = Debug|Any CPU
		{1672852C-264E-4FD1-955C-B7D700F77517}.Release|Any CPU.ActiveCfg = Release|Any CPU
		{1672852C-264E-4FD1-955C-B7D700F77517}.Release|Any CPU.Build.0 = Release|Any CPU
		{039A80C1-6DC9-4369-AA42-CE0346B9401A}.Debug|Any CPU.ActiveCfg = Debug|Any CPU
		{039A80C1-6DC9-4369-AA42-CE0346B9401A}.Debug|Any CPU.Build.0 = Debug|Any CPU
		{039A80C1-6DC9-4369-AA42-CE0346B9401A}.Release|Any CPU.ActiveCfg = Release|Any CPU
		{039A80C1-6DC9-4369-AA42-CE0346B9401A}.Release|Any CPU.Build.0 = Release|Any CPU
		{BE78FFC6-F66C-426E-B0AE-DEA055C5A872}.Debug|Any CPU.ActiveCfg = Debug|Any CPU
		{BE78FFC6-F66C-426E-B0AE-DEA055C5A872}.Debug|Any CPU.Build.0 = Debug|Any CPU
		{BE78FFC6-F66C-426E-B0AE-DEA055C5A872}.Release|Any CPU.ActiveCfg = Release|Any CPU
		{BE78FFC6-F66C-426E-B0AE-DEA055C5A872}.Release|Any CPU.Build.0 = Release|Any CPU
		{3E497581-C3F5-402B-AB0A-B3C1EEBDFD90}.Debug|Any CPU.ActiveCfg = Debug|Any CPU
		{3E497581-C3F5-402B-AB0A-B3C1EEBDFD90}.Debug|Any CPU.Build.0 = Debug|Any CPU
		{3E497581-C3F5-402B-AB0A-B3C1EEBDFD90}.Release|Any CPU.ActiveCfg = Release|Any CPU
		{3E497581-C3F5-402B-AB0A-B3C1EEBDFD90}.Release|Any CPU.Build.0 = Release|Any CPU
		{F954DC2A-C6AD-49B2-BCD6-8818B924FA59}.Debug|Any CPU.ActiveCfg = Debug|Any CPU
		{F954DC2A-C6AD-49B2-BCD6-8818B924FA59}.Debug|Any CPU.Build.0 = Debug|Any CPU
		{F954DC2A-C6AD-49B2-BCD6-8818B924FA59}.Release|Any CPU.ActiveCfg = Release|Any CPU
		{F954DC2A-C6AD-49B2-BCD6-8818B924FA59}.Release|Any CPU.Build.0 = Release|Any CPU
		{A3D6721B-D08E-4680-98CF-D158B2445FD2}.Debug|Any CPU.ActiveCfg = Debug|Any CPU
		{A3D6721B-D08E-4680-98CF-D158B2445FD2}.Debug|Any CPU.Build.0 = Debug|Any CPU
		{A3D6721B-D08E-4680-98CF-D158B2445FD2}.Release|Any CPU.ActiveCfg = Release|Any CPU
		{A3D6721B-D08E-4680-98CF-D158B2445FD2}.Release|Any CPU.Build.0 = Release|Any CPU
		{471FC2E6-3715-432E-AFEB-F6F3E6990F27}.Debug|Any CPU.ActiveCfg = Debug|Any CPU
		{471FC2E6-3715-432E-AFEB-F6F3E6990F27}.Debug|Any CPU.Build.0 = Debug|Any CPU
		{471FC2E6-3715-432E-AFEB-F6F3E6990F27}.Release|Any CPU.ActiveCfg = Release|Any CPU
		{471FC2E6-3715-432E-AFEB-F6F3E6990F27}.Release|Any CPU.Build.0 = Release|Any CPU
		{E8DDEA2A-ACB5-4A3F-BD77-194754E61983}.Debug|Any CPU.ActiveCfg = Debug|Any CPU
		{E8DDEA2A-ACB5-4A3F-BD77-194754E61983}.Debug|Any CPU.Build.0 = Debug|Any CPU
		{E8DDEA2A-ACB5-4A3F-BD77-194754E61983}.Release|Any CPU.ActiveCfg = Release|Any CPU
		{E8DDEA2A-ACB5-4A3F-BD77-194754E61983}.Release|Any CPU.Build.0 = Release|Any CPU
		{C0483966-4E25-4C0E-BF79-A99F46BCC07E}.Debug|Any CPU.ActiveCfg = Debug|Any CPU
		{C0483966-4E25-4C0E-BF79-A99F46BCC07E}.Debug|Any CPU.Build.0 = Debug|Any CPU
		{C0483966-4E25-4C0E-BF79-A99F46BCC07E}.Release|Any CPU.ActiveCfg = Release|Any CPU
		{C0483966-4E25-4C0E-BF79-A99F46BCC07E}.Release|Any CPU.Build.0 = Release|Any CPU
		{19EF2C91-E5C8-4EDA-9B16-4B61BE9A47DF}.Debug|Any CPU.ActiveCfg = Debug|Any CPU
		{19EF2C91-E5C8-4EDA-9B16-4B61BE9A47DF}.Debug|Any CPU.Build.0 = Debug|Any CPU
		{19EF2C91-E5C8-4EDA-9B16-4B61BE9A47DF}.Release|Any CPU.ActiveCfg = Release|Any CPU
		{19EF2C91-E5C8-4EDA-9B16-4B61BE9A47DF}.Release|Any CPU.Build.0 = Release|Any CPU
		{40ECEC59-5D76-4554-8953-347868734EC8}.Debug|Any CPU.ActiveCfg = Debug|Any CPU
		{40ECEC59-5D76-4554-8953-347868734EC8}.Debug|Any CPU.Build.0 = Debug|Any CPU
		{40ECEC59-5D76-4554-8953-347868734EC8}.Release|Any CPU.ActiveCfg = Release|Any CPU
		{40ECEC59-5D76-4554-8953-347868734EC8}.Release|Any CPU.Build.0 = Release|Any CPU
		{B88847D2-A677-4F0E-9260-D0C784DA8028}.Debug|Any CPU.ActiveCfg = Debug|Any CPU
		{B88847D2-A677-4F0E-9260-D0C784DA8028}.Debug|Any CPU.Build.0 = Debug|Any CPU
		{B88847D2-A677-4F0E-9260-D0C784DA8028}.Release|Any CPU.ActiveCfg = Release|Any CPU
		{B88847D2-A677-4F0E-9260-D0C784DA8028}.Release|Any CPU.Build.0 = Release|Any CPU
		{BDF0291F-C4C0-43EB-A346-0160F22F0822}.Debug|Any CPU.ActiveCfg = Debug|Any CPU
		{BDF0291F-C4C0-43EB-A346-0160F22F0822}.Debug|Any CPU.Build.0 = Debug|Any CPU
		{BDF0291F-C4C0-43EB-A346-0160F22F0822}.Release|Any CPU.ActiveCfg = Release|Any CPU
		{BDF0291F-C4C0-43EB-A346-0160F22F0822}.Release|Any CPU.Build.0 = Release|Any CPU
		{30DD31C7-F0C7-4972-960E-D84298B07DC1}.Debug|Any CPU.ActiveCfg = Debug|Any CPU
		{30DD31C7-F0C7-4972-960E-D84298B07DC1}.Debug|Any CPU.Build.0 = Debug|Any CPU
		{30DD31C7-F0C7-4972-960E-D84298B07DC1}.Release|Any CPU.ActiveCfg = Release|Any CPU
		{30DD31C7-F0C7-4972-960E-D84298B07DC1}.Release|Any CPU.Build.0 = Release|Any CPU
		{1B941AB3-8F63-4E63-91A5-E30F55F63E60}.Debug|Any CPU.ActiveCfg = Debug|Any CPU
		{1B941AB3-8F63-4E63-91A5-E30F55F63E60}.Debug|Any CPU.Build.0 = Debug|Any CPU
		{1B941AB3-8F63-4E63-91A5-E30F55F63E60}.Release|Any CPU.ActiveCfg = Release|Any CPU
		{1B941AB3-8F63-4E63-91A5-E30F55F63E60}.Release|Any CPU.Build.0 = Release|Any CPU
		{7E053319-5FF6-4887-A3E3-A55A71A64688}.Debug|Any CPU.ActiveCfg = Debug|Any CPU
		{7E053319-5FF6-4887-A3E3-A55A71A64688}.Debug|Any CPU.Build.0 = Debug|Any CPU
		{7E053319-5FF6-4887-A3E3-A55A71A64688}.Release|Any CPU.ActiveCfg = Release|Any CPU
		{7E053319-5FF6-4887-A3E3-A55A71A64688}.Release|Any CPU.Build.0 = Release|Any CPU
		{FF2DA027-CB58-49AA-B484-AA61B2CB4CAE}.Debug|Any CPU.ActiveCfg = Debug|Any CPU
		{FF2DA027-CB58-49AA-B484-AA61B2CB4CAE}.Debug|Any CPU.Build.0 = Debug|Any CPU
		{FF2DA027-CB58-49AA-B484-AA61B2CB4CAE}.Release|Any CPU.ActiveCfg = Release|Any CPU
		{FF2DA027-CB58-49AA-B484-AA61B2CB4CAE}.Release|Any CPU.Build.0 = Release|Any CPU
		{7D903EC9-5F21-49CD-B942-D2B19F6FC74D}.Debug|Any CPU.ActiveCfg = Debug|Any CPU
		{7D903EC9-5F21-49CD-B942-D2B19F6FC74D}.Debug|Any CPU.Build.0 = Debug|Any CPU
		{7D903EC9-5F21-49CD-B942-D2B19F6FC74D}.Release|Any CPU.ActiveCfg = Release|Any CPU
		{7D903EC9-5F21-49CD-B942-D2B19F6FC74D}.Release|Any CPU.Build.0 = Release|Any CPU
		{9284E0EE-F77C-4687-B8BB-F0110CB667C6}.Debug|Any CPU.ActiveCfg = Debug|Any CPU
		{9284E0EE-F77C-4687-B8BB-F0110CB667C6}.Debug|Any CPU.Build.0 = Debug|Any CPU
		{9284E0EE-F77C-4687-B8BB-F0110CB667C6}.Release|Any CPU.ActiveCfg = Release|Any CPU
		{9284E0EE-F77C-4687-B8BB-F0110CB667C6}.Release|Any CPU.Build.0 = Release|Any CPU
		{EC01086D-AB48-4F92-AB30-0563F6CB2B28}.Debug|Any CPU.ActiveCfg = Debug|Any CPU
		{EC01086D-AB48-4F92-AB30-0563F6CB2B28}.Debug|Any CPU.Build.0 = Debug|Any CPU
		{EC01086D-AB48-4F92-AB30-0563F6CB2B28}.Release|Any CPU.ActiveCfg = Release|Any CPU
		{EC01086D-AB48-4F92-AB30-0563F6CB2B28}.Release|Any CPU.Build.0 = Release|Any CPU
		{CBDCFF22-E5DE-4E52-9E4B-5E79F781F962}.Debug|Any CPU.ActiveCfg = Debug|Any CPU
		{CBDCFF22-E5DE-4E52-9E4B-5E79F781F962}.Debug|Any CPU.Build.0 = Debug|Any CPU
		{CBDCFF22-E5DE-4E52-9E4B-5E79F781F962}.Release|Any CPU.ActiveCfg = Release|Any CPU
		{CBDCFF22-E5DE-4E52-9E4B-5E79F781F962}.Release|Any CPU.Build.0 = Release|Any CPU
	EndGlobalSection
	GlobalSection(SolutionProperties) = preSolution
		HideSolutionNode = FALSE
	EndGlobalSection
	GlobalSection(NestedProjects) = preSolution
		{F28780B2-EA9B-4D4D-B7EB-92DD490738A2} = {A5804F07-BAC2-40E1-8301-DD6DF39EF83E}
		{1672852C-264E-4FD1-955C-B7D700F77517} = {737F29B8-9E4E-4DB7-AE3D-7C0493D12DAC}
		{039A80C1-6DC9-4369-AA42-CE0346B9401A} = {011AB4C3-761E-4E8B-BFE7-F3F5A997D700}
		{BE78FFC6-F66C-426E-B0AE-DEA055C5A872} = {737F29B8-9E4E-4DB7-AE3D-7C0493D12DAC}
		{3E497581-C3F5-402B-AB0A-B3C1EEBDFD90} = {737F29B8-9E4E-4DB7-AE3D-7C0493D12DAC}
		{E8DDEA2A-ACB5-4A3F-BD77-194754E61983} = {011AB4C3-761E-4E8B-BFE7-F3F5A997D700}
		{C0483966-4E25-4C0E-BF79-A99F46BCC07E} = {011AB4C3-761E-4E8B-BFE7-F3F5A997D700}
		{19EF2C91-E5C8-4EDA-9B16-4B61BE9A47DF} = {8CCDA0CA-82E0-421B-8075-F125DEF95F30}
		{40ECEC59-5D76-4554-8953-347868734EC8} = {A1C5CE17-DEAD-4DF7-851C-50D48FEAA1E3}
		{B88847D2-A677-4F0E-9260-D0C784DA8028} = {A1C5CE17-DEAD-4DF7-851C-50D48FEAA1E3}
		{BDF0291F-C4C0-43EB-A346-0160F22F0822} = {A1C5CE17-DEAD-4DF7-851C-50D48FEAA1E3}
		{30DD31C7-F0C7-4972-960E-D84298B07DC1} = {A1C5CE17-DEAD-4DF7-851C-50D48FEAA1E3}
		{7E053319-5FF6-4887-A3E3-A55A71A64688} = {A1C5CE17-DEAD-4DF7-851C-50D48FEAA1E3}
		{7D903EC9-5F21-49CD-B942-D2B19F6FC74D} = {A1C5CE17-DEAD-4DF7-851C-50D48FEAA1E3}
		{9284E0EE-F77C-4687-B8BB-F0110CB667C6} = {A1C5CE17-DEAD-4DF7-851C-50D48FEAA1E3}
	EndGlobalSection
	GlobalSection(ExtensibilityGlobals) = postSolution
		SolutionGuid = {E7D8DA69-B480-4BC0-81AA-0C859C81C6AE}
	EndGlobalSection
EndGlobal
