
Microsoft Visual Studio Solution File, Format Version 12.00
# Visual Studio Version 17
VisualStudioVersion = 17.1.32328.378
MinimumVisualStudioVersion = 10.0.40219.1
Project("{FAE04EC0-301F-11D3-BF4B-00C04F79EFBC}") = "SlxMigrator", "SlxMigrator\SlxMigrator.csproj", "{3A532604-51BC-46D7-971A-4BC4155DB30B}"
EndProject
Global
	GlobalSection(SolutionConfigurationPlatforms) = preSolution
		Debug|Any CPU = Debug|Any CPU
		Release|Any CPU = Release|Any CPU
	EndGlobalSection
	GlobalSection(ProjectConfigurationPlatforms) = postSolution
		{3A532604-51BC-46D7-971A-4BC4155DB30B}.Debug|Any CPU.ActiveCfg = Debug|Any CPU
		{3A532604-51BC-46D7-971A-4BC4155DB30B}.Debug|Any CPU.Build.0 = Debug|Any CPU
		{3A532604-51BC-46D7-971A-4BC4155DB30B}.Release|Any CPU.ActiveCfg = Release|Any CPU
		{3A532604-51BC-46D7-971A-4BC4155DB30B}.Release|Any CPU.Build.0 = Release|Any CPU
	EndGlobalSection
	GlobalSection(SolutionProperties) = preSolution
		HideSolutionNode = FALSE
	EndGlobalSection
	GlobalSection(ExtensibilityGlobals) = postSolution
		SolutionGuid = {D791CD0F-9D1B-4377-8917-742E628F4A0F}
	EndGlobalSection
EndGlobal
