
Microsoft Visual Studio Solution File, Format Version 12.00
# Visual Studio Version 16
VisualStudioVersion = 16.0.30413.136
MinimumVisualStudioVersion = 10.0.40219.1
Project("{FAE04EC0-301F-11D3-BF4B-00C04F79EFBC}") = "StagingDatabaseTransformer", "StagingDatabaseTransformer\StagingDatabaseTransformer.csproj", "{62E41346-8AE1-4C87-A388-006672685699}"
EndProject
Global
	GlobalSection(SolutionConfigurationPlatforms) = preSolution
		Debug|Any CPU = Debug|Any CPU
		Release|Any CPU = Release|Any CPU
	EndGlobalSection
	GlobalSection(ProjectConfigurationPlatforms) = postSolution
		{62E41346-8AE1-4C87-A388-006672685699}.Debug|Any CPU.ActiveCfg = Debug|Any CPU
		{62E41346-8AE1-4C87-A388-006672685699}.Debug|Any CPU.Build.0 = Debug|Any CPU
		{62E41346-8AE1-4C87-A388-006672685699}.Release|Any CPU.ActiveCfg = Release|Any CPU
		{62E41346-8AE1-4C87-A388-006672685699}.Release|Any CPU.Build.0 = Release|Any CPU
	EndGlobalSection
	GlobalSection(SolutionProperties) = preSolution
		HideSolutionNode = FALSE
	EndGlobalSection
	GlobalSection(ExtensibilityGlobals) = postSolution
		SolutionGuid = {CC30C5B1-34CA-438A-9FE5-26A9B1BB0B40}
	EndGlobalSection
EndGlobal
