
Microsoft Visual Studio Solution File, Format Version 12.00
# Visual Studio Version 17
VisualStudioVersion = 17.6.33829.357
MinimumVisualStudioVersion = 10.0.40219.1
Project("{FAE04EC0-301F-11D3-BF4B-00C04F79EFBC}") = "NTech.DocumentArchiveMigrator.DiskToAws", "NTech.DocumentArchiveMigrator.DiskToAws.csproj", "{576D5CBD-171D-4F8D-AAB4-EFCCA6E15F84}"
EndProject
Global
	GlobalSection(SolutionConfigurationPlatforms) = preSolution
		Debug|Any CPU = Debug|Any CPU
		Release|Any CPU = Release|Any CPU
	EndGlobalSection
	GlobalSection(ProjectConfigurationPlatforms) = postSolution
		{576D5CBD-171D-4F8D-AAB4-EFCCA6E15F84}.Debug|Any CPU.ActiveCfg = Debug|Any CPU
		{576D5CBD-171D-4F8D-AAB4-EFCCA6E15F84}.Debug|Any CPU.Build.0 = Debug|Any CPU
		{576D5CBD-171D-4F8D-AAB4-EFCCA6E15F84}.Release|Any CPU.ActiveCfg = Release|Any CPU
		{576D5CBD-171D-4F8D-AAB4-EFCCA6E15F84}.Release|Any CPU.Build.0 = Release|Any CPU
	EndGlobalSection
	GlobalSection(SolutionProperties) = preSolution
		HideSolutionNode = FALSE
	EndGlobalSection
	GlobalSection(ExtensibilityGlobals) = postSolution
		SolutionGuid = {F11D74B7-6DC8-4989-B92F-6708D55C2E97}
	EndGlobalSection
EndGlobal
