
Microsoft Visual Studio Solution File, Format Version 12.00
# Visual Studio Version 17
VisualStudioVersion = 17.5.33627.172
MinimumVisualStudioVersion = 10.0.40219.1
Project("{FAE04EC0-301F-11D3-BF4B-00C04F79EFBC}") = "NTech.Ai.Api", "NTech.Ai.Api\NTech.Ai.Api.csproj", "{EDF04789-C5CE-4E8A-932D-2DCC97A54FC4}"
EndProject
Global
	GlobalSection(SolutionConfigurationPlatforms) = preSolution
		Debug|Any CPU = Debug|Any CPU
		Release|Any CPU = Release|Any CPU
	EndGlobalSection
	GlobalSection(ProjectConfigurationPlatforms) = postSolution
		{EDF04789-C5CE-4E8A-932D-2DCC97A54FC4}.Debug|Any CPU.ActiveCfg = Debug|Any CPU
		{EDF04789-C5CE-4E8A-932D-2DCC97A54FC4}.Debug|Any CPU.Build.0 = Debug|Any CPU
		{EDF04789-C5CE-4E8A-932D-2DCC97A54FC4}.Release|Any CPU.ActiveCfg = Release|Any CPU
		{EDF04789-C5CE-4E8A-932D-2DCC97A54FC4}.Release|Any CPU.Build.0 = Release|Any CPU
	EndGlobalSection
	GlobalSection(SolutionProperties) = preSolution
		HideSolutionNode = FALSE
	EndGlobalSection
	GlobalSection(ExtensibilityGlobals) = postSolution
		SolutionGuid = {1C337304-A566-4DB3-96F3-DBE6A47981D5}
	EndGlobalSection
EndGlobal
